
Microsoft Visual Studio Solution File, Format Version 12.00
# Visual Studio Version 16
VisualStudioVersion = 16.0.31702.278
MinimumVisualStudioVersion = 10.0.40219.1
Project("{FAE04EC0-301F-11D3-BF4B-00C04F79EFBC}") = "PRS-Capstone", "PRS-Capstone\PRS-Capstone.csproj", "{D622FF2B-E060-4793-9548-A59438C186EE}"
EndProject
Global
	GlobalSection(SolutionConfigurationPlatforms) = preSolution
		Debug|Any CPU = Debug|Any CPU
		Release|Any CPU = Release|Any CPU
	EndGlobalSection
	GlobalSection(ProjectConfigurationPlatforms) = postSolution
		{D622FF2B-E060-4793-9548-A59438C186EE}.Debug|Any CPU.ActiveCfg = Debug|Any CPU
		{D622FF2B-E060-4793-9548-A59438C186EE}.Debug|Any CPU.Build.0 = Debug|Any CPU
		{D622FF2B-E060-4793-9548-A59438C186EE}.Release|Any CPU.ActiveCfg = Release|Any CPU
		{D622FF2B-E060-4793-9548-A59438C186EE}.Release|Any CPU.Build.0 = Release|Any CPU
	EndGlobalSection
	GlobalSection(SolutionProperties) = preSolution
		HideSolutionNode = FALSE
	EndGlobalSection
	GlobalSection(ExtensibilityGlobals) = postSolution
		SolutionGuid = {1F844E47-7B22-48DE-B6C0-673B756E05FA}
	EndGlobalSection
EndGlobal
